
Microsoft Visual Studio Solution File, Format Version 12.00
# Visual Studio Version 17
VisualStudioVersion = 17.5.33516.290
MinimumVisualStudioVersion = 10.0.40219.1
Project("{FAE04EC0-301F-11D3-BF4B-00C04F79EFBC}") = "LearningRabbitMQ.ProducerWebApi", "LearningRabbitMQ.ProducerWebApi\LearningRabbitMQ.ProducerWebApi.csproj", "{89B5A66B-9C0D-4AB8-8B7B-7E085AAC9000}"
EndProject
Project("{FAE04EC0-301F-11D3-BF4B-00C04F79EFBC}") = "LearningRabbitMQ.ConsumerApp", "LearningRabbitMQ.ConsumerApp\LearningRabbitMQ.ConsumerApp.csproj", "{D5245C1D-EAC1-4629-8BCE-5B993C8FDA48}"
EndProject
Global
	GlobalSection(SolutionConfigurationPlatforms) = preSolution
		Debug|Any CPU = Debug|Any CPU
		Release|Any CPU = Release|Any CPU
	EndGlobalSection
	GlobalSection(ProjectConfigurationPlatforms) = postSolution
		{89B5A66B-9C0D-4AB8-8B7B-7E085AAC9000}.Debug|Any CPU.ActiveCfg = Debug|Any CPU
		{89B5A66B-9C0D-4AB8-8B7B-7E085AAC9000}.Debug|Any CPU.Build.0 = Debug|Any CPU
		{89B5A66B-9C0D-4AB8-8B7B-7E085AAC9000}.Release|Any CPU.ActiveCfg = Release|Any CPU
		{89B5A66B-9C0D-4AB8-8B7B-7E085AAC9000}.Release|Any CPU.Build.0 = Release|Any CPU
		{D5245C1D-EAC1-4629-8BCE-5B993C8FDA48}.Debug|Any CPU.ActiveCfg = Debug|Any CPU
		{D5245C1D-EAC1-4629-8BCE-5B993C8FDA48}.Debug|Any CPU.Build.0 = Debug|Any CPU
		{D5245C1D-EAC1-4629-8BCE-5B993C8FDA48}.Release|Any CPU.ActiveCfg = Release|Any CPU
		{D5245C1D-EAC1-4629-8BCE-5B993C8FDA48}.Release|Any CPU.Build.0 = Release|Any CPU
	EndGlobalSection
	GlobalSection(SolutionProperties) = preSolution
		HideSolutionNode = FALSE
	EndGlobalSection
	GlobalSection(ExtensibilityGlobals) = postSolution
		SolutionGuid = {6B6541C4-DB75-47CD-8051-FBDDB7F9E692}
	EndGlobalSection
EndGlobal
